
Microsoft Visual Studio Solution File, Format Version 12.00
# Visual Studio Version 17
VisualStudioVersion = 17.4.33213.308
MinimumVisualStudioVersion = 10.0.40219.1
Project("{FAE04EC0-301F-11D3-BF4B-00C04F79EFBC}") = "Student management", "Student management\Student management.csproj", "{4187F62A-742D-4E4D-BE38-D5FE9660340D}"
EndProject
Global
	GlobalSection(SolutionConfigurationPlatforms) = preSolution
		Debug|Any CPU = Debug|Any CPU
		Release|Any CPU = Release|Any CPU
	EndGlobalSection
	GlobalSection(ProjectConfigurationPlatforms) = postSolution
		{4187F62A-742D-4E4D-BE38-D5FE9660340D}.Debug|Any CPU.ActiveCfg = Debug|Any CPU
		{4187F62A-742D-4E4D-BE38-D5FE9660340D}.Debug|Any CPU.Build.0 = Debug|Any CPU
		{4187F62A-742D-4E4D-BE38-D5FE9660340D}.Release|Any CPU.ActiveCfg = Release|Any CPU
		{4187F62A-742D-4E4D-BE38-D5FE9660340D}.Release|Any CPU.Build.0 = Release|Any CPU
	EndGlobalSection
	GlobalSection(SolutionProperties) = preSolution
		HideSolutionNode = FALSE
	EndGlobalSection
	GlobalSection(ExtensibilityGlobals) = postSolution
		SolutionGuid = {55FC9012-86EF-40A7-92D6-0EC15AE2FC6B}
	EndGlobalSection
EndGlobal
